
Microsoft Visual Studio Solution File, Format Version 12.00
# Visual Studio Version 16
VisualStudioVersion = 16.0.31727.386
MinimumVisualStudioVersion = 10.0.40219.1
Project("{8BC9CEB8-8B4A-11D0-8D11-00A0C91BC942}") = "Exe3", "Exercises\Exercises.vcxproj", "{8DB4AC69-3318-4127-BECA-6C95D38246C0}"
EndProject
Project("{8BC9CEB8-8B4A-11D0-8D11-00A0C91BC942}") = "Exe4", "Exe4\Exe4.vcxproj", "{0889012F-9EC5-481A-B55B-E7486A8860F7}"
EndProject
Project("{8BC9CEB8-8B4A-11D0-8D11-00A0C91BC942}") = "Exe5", "Exe5\Exe5.vcxproj", "{05EF8796-C7E6-4F5C-9A54-FB81146F46F7}"
EndProject
Project("{8BC9CEB8-8B4A-11D0-8D11-00A0C91BC942}") = "Exe6", "Exe6\Exe6.vcxproj", "{E49D3CCF-845B-46F9-B59E-00AA61B8A190}"
EndProject
Project("{8BC9CEB8-8B4A-11D0-8D11-00A0C91BC942}") = "Exe7", "Exe7\Exe7.vcxproj", "{261735A7-FE88-4C3D-8820-20A8319B4D69}"
EndProject
Project("{8BC9CEB8-8B4A-11D0-8D11-00A0C91BC942}") = "Exe8", "Exe8\Exe8.vcxproj", "{58ACFDA6-2069-4912-84BB-E3A45FEF416B}"
EndProject
Project("{8BC9CEB8-8B4A-11D0-8D11-00A0C91BC942}") = "Exe8Q2", "Exe8Q2\Exe8Q2.vcxproj", "{E6694EB1-2FB7-4E0A-B5B1-26FEC9E9AA89}"
EndProject
Project("{8BC9CEB8-8B4A-11D0-8D11-00A0C91BC942}") = "Exe9", "Exe9\Exe9.vcxproj", "{C2446D89-2B5B-43F9-92E6-94FFEE74E7F1}"
EndProject
Project("{8BC9CEB8-8B4A-11D0-8D11-00A0C91BC942}") = "Exe8Q1WithUri", "Exe8Q1WithUri\Exe8Q1WithUri.vcxproj", "{41A98A64-EDBD-441B-9817-BAEC3EBF6DF7}"
EndProject
Project("{8BC9CEB8-8B4A-11D0-8D11-00A0C91BC942}") = "Exe10", "Exe10\Exe10.vcxproj", "{E1255571-1E1E-4B78-8471-0300E76C6F5E}"
EndProject
Global
	GlobalSection(SolutionConfigurationPlatforms) = preSolution
		Debug|x64 = Debug|x64
		Debug|x86 = Debug|x86
		Release|x64 = Release|x64
		Release|x86 = Release|x86
	EndGlobalSection
	GlobalSection(ProjectConfigurationPlatforms) = postSolution
		{8DB4AC69-3318-4127-BECA-6C95D38246C0}.Debug|x64.ActiveCfg = Debug|x64
		{8DB4AC69-3318-4127-BECA-6C95D38246C0}.Debug|x64.Build.0 = Debug|x64
		{8DB4AC69-3318-4127-BECA-6C95D38246C0}.Debug|x86.ActiveCfg = Debug|Win32
		{8DB4AC69-3318-4127-BECA-6C95D38246C0}.Debug|x86.Build.0 = Debug|Win32
		{8DB4AC69-3318-4127-BECA-6C95D38246C0}.Release|x64.ActiveCfg = Release|x64
		{8DB4AC69-3318-4127-BECA-6C95D38246C0}.Release|x64.Build.0 = Release|x64
		{8DB4AC69-3318-4127-BECA-6C95D38246C0}.Release|x86.ActiveCfg = Release|Win32
		{8DB4AC69-3318-4127-BECA-6C95D38246C0}.Release|x86.Build.0 = Release|Win32
		{0889012F-9EC5-481A-B55B-E7486A8860F7}.Debug|x64.ActiveCfg = Debug|x64
		{0889012F-9EC5-481A-B55B-E7486A8860F7}.Debug|x64.Build.0 = Debug|x64
		{0889012F-9EC5-481A-B55B-E7486A8860F7}.Debug|x86.ActiveCfg = Debug|Win32
		{0889012F-9EC5-481A-B55B-E7486A8860F7}.Debug|x86.Build.0 = Debug|Win32
		{0889012F-9EC5-481A-B55B-E7486A8860F7}.Release|x64.ActiveCfg = Release|x64
		{0889012F-9EC5-481A-B55B-E7486A8860F7}.Release|x64.Build.0 = Release|x64
		{0889012F-9EC5-481A-B55B-E7486A8860F7}.Release|x86.ActiveCfg = Release|Win32
		{0889012F-9EC5-481A-B55B-E7486A8860F7}.Release|x86.Build.0 = Release|Win32
		{05EF8796-C7E6-4F5C-9A54-FB81146F46F7}.Debug|x64.ActiveCfg = Debug|x64
		{05EF8796-C7E6-4F5C-9A54-FB81146F46F7}.Debug|x64.Build.0 = Debug|x64
		{05EF8796-C7E6-4F5C-9A54-FB81146F46F7}.Debug|x86.ActiveCfg = Debug|Win32
		{05EF8796-C7E6-4F5C-9A54-FB81146F46F7}.Debug|x86.Build.0 = Debug|Win32
		{05EF8796-C7E6-4F5C-9A54-FB81146F46F7}.Release|x64.ActiveCfg = Release|x64
		{05EF8796-C7E6-4F5C-9A54-FB81146F46F7}.Release|x64.Build.0 = Release|x64
		{05EF8796-C7E6-4F5C-9A54-FB81146F46F7}.Release|x86.ActiveCfg = Release|Win32
		{05EF8796-C7E6-4F5C-9A54-FB81146F46F7}.Release|x86.Build.0 = Release|Win32
		{E49D3CCF-845B-46F9-B59E-00AA61B8A190}.Debug|x64.ActiveCfg = Debug|x64
		{E49D3CCF-845B-46F9-B59E-00AA61B8A190}.Debug|x64.Build.0 = Debug|x64
		{E49D3CCF-845B-46F9-B59E-00AA61B8A190}.Debug|x86.ActiveCfg = Debug|Win32
		{E49D3CCF-845B-46F9-B59E-00AA61B8A190}.Debug|x86.Build.0 = Debug|Win32
		{E49D3CCF-845B-46F9-B59E-00AA61B8A190}.Release|x64.ActiveCfg = Release|x64
		{E49D3CCF-845B-46F9-B59E-00AA61B8A190}.Release|x64.Build.0 = Release|x64
		{E49D3CCF-845B-46F9-B59E-00AA61B8A190}.Release|x86.ActiveCfg = Release|Win32
		{E49D3CCF-845B-46F9-B59E-00AA61B8A190}.Release|x86.Build.0 = Release|Win32
		{261735A7-FE88-4C3D-8820-20A8319B4D69}.Debug|x64.ActiveCfg = Debug|x64
		{261735A7-FE88-4C3D-8820-20A8319B4D69}.Debug|x64.Build.0 = Debug|x64
		{261735A7-FE88-4C3D-8820-20A8319B4D69}.Debug|x86.ActiveCfg = Debug|Win32
		{261735A7-FE88-4C3D-8820-20A8319B4D69}.Debug|x86.Build.0 = Debug|Win32
		{261735A7-FE88-4C3D-8820-20A8319B4D69}.Release|x64.ActiveCfg = Release|x64
		{261735A7-FE88-4C3D-8820-20A8319B4D69}.Release|x64.Build.0 = Release|x64
		{261735A7-FE88-4C3D-8820-20A8319B4D69}.Release|x86.ActiveCfg = Release|Win32
		{261735A7-FE88-4C3D-8820-20A8319B4D69}.Release|x86.Build.0 = Release|Win32
		{58ACFDA6-2069-4912-84BB-E3A45FEF416B}.Debug|x64.ActiveCfg = Debug|x64
		{58ACFDA6-2069-4912-84BB-E3A45FEF416B}.Debug|x64.Build.0 = Debug|x64
		{58ACFDA6-2069-4912-84BB-E3A45FEF416B}.Debug|x86.ActiveCfg = Debug|Win32
		{58ACFDA6-2069-4912-84BB-E3A45FEF416B}.Debug|x86.Build.0 = Debug|Win32
		{58ACFDA6-2069-4912-84BB-E3A45FEF416B}.Release|x64.ActiveCfg = Release|x64
		{58ACFDA6-2069-4912-84BB-E3A45FEF416B}.Release|x64.Build.0 = Release|x64
		{58ACFDA6-2069-4912-84BB-E3A45FEF416B}.Release|x86.ActiveCfg = Release|Win32
		{58ACFDA6-2069-4912-84BB-E3A45FEF416B}.Release|x86.Build.0 = Release|Win32
		{E6694EB1-2FB7-4E0A-B5B1-26FEC9E9AA89}.Debug|x64.ActiveCfg = Debug|x64
		{E6694EB1-2FB7-4E0A-B5B1-26FEC9E9AA89}.Debug|x64.Build.0 = Debug|x64
		{E6694EB1-2FB7-4E0A-B5B1-26FEC9E9AA89}.Debug|x86.ActiveCfg = Debug|Win32
		{E6694EB1-2FB7-4E0A-B5B1-26FEC9E9AA89}.Debug|x86.Build.0 = Debug|Win32
		{E6694EB1-2FB7-4E0A-B5B1-26FEC9E9AA89}.Release|x64.ActiveCfg = Release|x64
		{E6694EB1-2FB7-4E0A-B5B1-26FEC9E9AA89}.Release|x64.Build.0 = Release|x64
		{E6694EB1-2FB7-4E0A-B5B1-26FEC9E9AA89}.Release|x86.ActiveCfg = Release|Win32
		{E6694EB1-2FB7-4E0A-B5B1-26FEC9E9AA89}.Release|x86.Build.0 = Release|Win32
		{C2446D89-2B5B-43F9-92E6-94FFEE74E7F1}.Debug|x64.ActiveCfg = Debug|x64
		{C2446D89-2B5B-43F9-92E6-94FFEE74E7F1}.Debug|x64.Build.0 = Debug|x64
		{C2446D89-2B5B-43F9-92E6-94FFEE74E7F1}.Debug|x86.ActiveCfg = Debug|Win32
		{C2446D89-2B5B-43F9-92E6-94FFEE74E7F1}.Debug|x86.Build.0 = Debug|Win32
		{C2446D89-2B5B-43F9-92E6-94FFEE74E7F1}.Release|x64.ActiveCfg = Release|x64
		{C2446D89-2B5B-43F9-92E6-94FFEE74E7F1}.Release|x64.Build.0 = Release|x64
		{C2446D89-2B5B-43F9-92E6-94FFEE74E7F1}.Release|x86.ActiveCfg = Release|Win32
		{C2446D89-2B5B-43F9-92E6-94FFEE74E7F1}.Release|x86.Build.0 = Release|Win32
		{41A98A64-EDBD-441B-9817-BAEC3EBF6DF7}.Debug|x64.ActiveCfg = Debug|x64
		{41A98A64-EDBD-441B-9817-BAEC3EBF6DF7}.Debug|x64.Build.0 = Debug|x64
		{41A98A64-EDBD-441B-9817-BAEC3EBF6DF7}.Debug|x86.ActiveCfg = Debug|Win32
		{41A98A64-EDBD-441B-9817-BAEC3EBF6DF7}.Debug|x86.Build.0 = Debug|Win32
		{41A98A64-EDBD-441B-9817-BAEC3EBF6DF7}.Release|x64.ActiveCfg = Release|x64
		{41A98A64-EDBD-441B-9817-BAEC3EBF6DF7}.Release|x64.Build.0 = Release|x64
		{41A98A64-EDBD-441B-9817-BAEC3EBF6DF7}.Release|x86.ActiveCfg = Release|Win32
		{41A98A64-EDBD-441B-9817-BAEC3EBF6DF7}.Release|x86.Build.0 = Release|Win32
		{E1255571-1E1E-4B78-8471-0300E76C6F5E}.Debug|x64.ActiveCfg = Debug|x64
		{E1255571-1E1E-4B78-8471-0300E76C6F5E}.Debug|x64.Build.0 = Debug|x64
		{E1255571-1E1E-4B78-8471-0300E76C6F5E}.Debug|x86.ActiveCfg = Debug|Win32
		{E1255571-1E1E-4B78-8471-0300E76C6F5E}.Debug|x86.Build.0 = Debug|Win32
		{E1255571-1E1E-4B78-8471-0300E76C6F5E}.Release|x64.ActiveCfg = Release|x64
		{E1255571-1E1E-4B78-8471-0300E76C6F5E}.Release|x64.Build.0 = Release|x64
		{E1255571-1E1E-4B78-8471-0300E76C6F5E}.Release|x86.ActiveCfg = Release|Win32
		{E1255571-1E1E-4B78-8471-0300E76C6F5E}.Release|x86.Build.0 = Release|Win32
	EndGlobalSection
	GlobalSection(SolutionProperties) = preSolution
		HideSolutionNode = FALSE
	EndGlobalSection
	GlobalSection(ExtensibilityGlobals) = postSolution
		SolutionGuid = {5E9C989B-F82B-480A-9051-245BD9E28D09}
	EndGlobalSection
EndGlobal
